// !$*UTF8*$!
{
	archiveVersion = 1;
	classes = {
	};
	objectVersion = 56;
	objects = {

/* Begin PBXBuildFile section */
		CDB5FCCB2B8237E300702B50 /* iFrameworkApp.swift in Sources */ = {isa = PBXBuildFile; fileRef = CDB5FCCA2B8237E300702B50 /* iFrameworkApp.swift */; };
		CDB5FCCD2B8237E300702B50 /* ContentView.swift in Sources */ = {isa = PBXBuildFile; fileRef = CDB5FCCC2B8237E300702B50 /* ContentView.swift */; };
		CDB5FCCF2B8237E500702B50 /* Assets.xcassets in Resources */ = {isa = PBXBuildFile; fileRef = CDB5FCCE2B8237E500702B50 /* Assets.xcassets */; };
		CDB5FCD22B8237E500702B50 /* Preview Assets.xcassets in Resources */ = {isa = PBXBuildFile; fileRef = CDB5FCD12B8237E500702B50 /* Preview Assets.xcassets */; };
		CDB5FCDC2B8237E500702B50 /* iFrameworkTests.swift in Sources */ = {isa = PBXBuildFile; fileRef = CDB5FCDB2B8237E500702B50 /* iFrameworkTests.swift */; };
		CDB5FCE62B8237E500702B50 /* iFrameworkUITests.swift in Sources */ = {isa = PBXBuildFile; fileRef = CDB5FCE52B8237E500702B50 /* iFrameworkUITests.swift */; };
		CDB5FCE82B8237E500702B50 /* iFrameworkUITestsLaunchTests.swift in Sources */ = {isa = PBXBuildFile; fileRef = CDB5FCE72B8237E500702B50 /* iFrameworkUITestsLaunchTests.swift */; };
/* End PBXBuildFile section */

/* Begin PBXContainerItemProxy section */
		CDB5FCD82B8237E500702B50 /* PBXContainerItemProxy */ = {
			isa = PBXContainerItemProxy;
			containerPortal = CDB5FCBF2B8237E200702B50 /* Project object */;
			proxyType = 1;
			remoteGlobalIDString = CDB5FCC62B8237E300702B50;
			remoteInfo = iFramework;
		};
		CDB5FCE22B8237E500702B50 /* PBXContainerItemProxy */ = {
			isa = PBXContainerItemProxy;
			containerPortal = CDB5FCBF2B8237E200702B50 /* Project object */;
			proxyType = 1;
			remoteGlobalIDString = CDB5FCC62B8237E300702B50;
			remoteInfo = iFramework;
		};
/* End PBXContainerItemProxy section */

/* Begin PBXFileReference section */
		CDB5FCC72B8237E300702B50 /* iFramework.app */ = {isa = PBXFileReference; explicitFileType = wrapper.application; includeInIndex = 0; path = iFramework.app; sourceTree = BUILT_PRODUCTS_DIR; };
		CDB5FCCA2B8237E300702B50 /* iFrameworkApp.swift */ = {isa = PBXFileReference; lastKnownFileType = sourcecode.swift; path = iFrameworkApp.swift; sourceTree = "<group>"; };
		CDB5FCCC2B8237E300702B50 /* ContentView.swift */ = {isa = PBXFileReference; lastKnownFileType = sourcecode.swift; path = ContentView.swift; sourceTree = "<group>"; };
		CDB5FCCE2B8237E500702B50 /* Assets.xcassets */ = {isa = PBXFileReference; lastKnownFileType = folder.assetcatalog; path = Assets.xcassets; sourceTree = "<group>"; };
		CDB5FCD12B8237E500702B50 /* Preview Assets.xcassets */ = {isa = PBXFileReference; lastKnownFileType = folder.assetcatalog; path = "Preview Assets.xcassets"; sourceTree = "<group>"; };
		CDB5FCD72B8237E500702B50 /* iFrameworkTests.xctest */ = {isa = PBXFileReference; explicitFileType = wrapper.cfbundle; includeInIndex = 0; path = iFrameworkTests.xctest; sourceTree = BUILT_PRODUCTS_DIR; };
		CDB5FCDB2B8237E500702B50 /* iFrameworkTests.swift */ = {isa = PBXFileReference; lastKnownFileType = sourcecode.swift; path = iFrameworkTests.swift; sourceTree = "<group>"; };
		CDB5FCE12B8237E500702B50 /* iFrameworkUITests.xctest */ = {isa = PBXFileReference; explicitFileType = wrapper.cfbundle; includeInIndex = 0; path = iFrameworkUITests.xctest; sourceTree = BUILT_PRODUCTS_DIR; };
		CDB5FCE52B8237E500702B50 /* iFrameworkUITests.swift */ = {isa = PBXFileReference; lastKnownFileType = sourcecode.swift; path = iFrameworkUITests.swift; sourceTree = "<group>"; };
		CDB5FCE72B8237E500702B50 /* iFrameworkUITestsLaunchTests.swift */ = {isa = PBXFileReference; lastKnownFileType = sourcecode.swift; path = iFrameworkUITestsLaunchTests.swift; sourceTree = "<group>"; };
/* End PBXFileReference section */

/* Begin PBXFrameworksBuildPhase section */
		CDB5FCC42B8237E300702B50 /* Frameworks */ = {
			isa = PBXFrameworksBuildPhase;
			buildActionMask = 2147483647;
			files = (
			);
			runOnlyForDeploymentPostprocessing = 0;
		};
		CDB5FCD42B8237E500702B50 /* Frameworks */ = {
			isa = PBXFrameworksBuildPhase;
			buildActionMask = 2147483647;
			files = (
			);
			runOnlyForDeploymentPostprocessing = 0;
		};
		CDB5FCDE2B8237E500702B50 /* Frameworks */ = {
			isa = PBXFrameworksBuildPhase;
			buildActionMask = 2147483647;
			files = (
			);
			runOnlyForDeploymentPostprocessing = 0;
		};
/* End PBXFrameworksBuildPhase section */

/* Begin PBXGroup section */
		CDB5FCBE2B8237E200702B50 = {
			isa = PBXGroup;
			children = (
				CDB5FCC92B8237E300702B50 /* iFramework */,
				CDB5FCDA2B8237E500702B50 /* iFrameworkTests */,
				CDB5FCE42B8237E500702B50 /* iFrameworkUITests */,
				CDB5FCC82B8237E300702B50 /* Products */,
			);
			sourceTree = "<group>";
		};
		CDB5FCC82B8237E300702B50 /* Products */ = {
			isa = PBXGroup;
			children = (
				CDB5FCC72B8237E300702B50 /* iFramework.app */,
				CDB5FCD72B8237E500702B50 /* iFrameworkTests.xctest */,
				CDB5FCE12B8237E500702B50 /* iFrameworkUITests.xctest */,
			);
			name = Products;
			sourceTree = "<group>";
		};
		CDB5FCC92B8237E300702B50 /* iFramework */ = {
			isa = PBXGroup;
			children = (
				CDB5FCCA2B8237E300702B50 /* iFrameworkApp.swift */,
				CDB5FCCC2B8237E300702B50 /* ContentView.swift */,
				CDB5FCCE2B8237E500702B50 /* Assets.xcassets */,
				CDB5FCD02B8237E500702B50 /* Preview Content */,
			);
			path = iFramework;
			sourceTree = "<group>";
		};
		CDB5FCD02B8237E500702B50 /* Preview Content */ = {
			isa = PBXGroup;
			children = (
				CDB5FCD12B8237E500702B50 /* Preview Assets.xcassets */,
			);
			path = "Preview Content";
			sourceTree = "<group>";
		};
		CDB5FCDA2B8237E500702B50 /* iFrameworkTests */ = {
			isa = PBXGroup;
			children = (
				CDB5FCDB2B8237E500702B50 /* iFrameworkTests.swift */,
			);
			path = iFrameworkTests;
			sourceTree = "<group>";
		};
		CDB5FCE42B8237E500702B50 /* iFrameworkUITests */ = {
			isa = PBXGroup;
			children = (
				CDB5FCE52B8237E500702B50 /* iFrameworkUITests.swift */,
				CDB5FCE72B8237E500702B50 /* iFrameworkUITestsLaunchTests.swift */,
			);
			path = iFrameworkUITests;
			sourceTree = "<group>";
		};
/* End PBXGroup section */

/* Begin PBXNativeTarget section */
		CDB5FCC62B8237E300702B50 /* iFramework */ = {
			isa = PBXNativeTarget;
			buildConfigurationList = CDB5FCEB2B8237E500702B50 /* Build configuration list for PBXNativeTarget "iFramework" */;
			buildPhases = (
				CDB5FCC32B8237E300702B50 /* Sources */,
				CDB5FCC42B8237E300702B50 /* Frameworks */,
				CDB5FCC52B8237E300702B50 /* Resources */,
			);
			buildRules = (
			);
			dependencies = (
			);
			name = iFramework;
			productName = iFramework;
			productReference = CDB5FCC72B8237E300702B50 /* iFramework.app */;
			productType = "com.apple.product-type.application";
		};
		CDB5FCD62B8237E500702B50 /* iFrameworkTests */ = {
			isa = PBXNativeTarget;
			buildConfigurationList = CDB5FCEE2B8237E500702B50 /* Build configuration list for PBXNativeTarget "iFrameworkTests" */;
			buildPhases = (
				CDB5FCD32B8237E500702B50 /* Sources */,
				CDB5FCD42B8237E500702B50 /* Frameworks */,
				CDB5FCD52B8237E500702B50 /* Resources */,
			);
			buildRules = (
			);
			dependencies = (
				CDB5FCD92B8237E500702B50 /* PBXTargetDependency */,
			);
			name = iFrameworkTests;
			productName = iFrameworkTests;
			productReference = CDB5FCD72B8237E500702B50 /* iFrameworkTests.xctest */;
			productType = "com.apple.product-type.bundle.unit-test";
		};
		CDB5FCE02B8237E500702B50 /* iFrameworkUITests */ = {
			isa = PBXNativeTarget;
			buildConfigurationList = CDB5FCF12B8237E500702B50 /* Build configuration list for PBXNativeTarget "iFrameworkUITests" */;
			buildPhases = (
				CDB5FCDD2B8237E500702B50 /* Sources */,
				CDB5FCDE2B8237E500702B50 /* Frameworks */,
				CDB5FCDF2B8237E500702B50 /* Resources */,
			);
			buildRules = (
			);
			dependencies = (
				CDB5FCE32B8237E500702B50 /* PBXTargetDependency */,
			);
			name = iFrameworkUITests;
			productName = iFrameworkUITests;
			productReference = CDB5FCE12B8237E500702B50 /* iFrameworkUITests.xctest */;
			productType = "com.apple.product-type.bundle.ui-testing";
		};
/* End PBXNativeTarget section */

/* Begin PBXProject section */
		CDB5FCBF2B8237E200702B50 /* Project object */ = {
			isa = PBXProject;
			attributes = {
				BuildIndependentTargetsInParallel = 1;
				LastSwiftUpdateCheck = 1520;
				LastUpgradeCheck = 1520;
				TargetAttributes = {
					CDB5FCC62B8237E300702B50 = {
						CreatedOnToolsVersion = 15.2;
					};
					CDB5FCD62B8237E500702B50 = {
						CreatedOnToolsVersion = 15.2;
						TestTargetID = CDB5FCC62B8237E300702B50;
					};
					CDB5FCE02B8237E500702B50 = {
						CreatedOnToolsVersion = 15.2;
						TestTargetID = CDB5FCC62B8237E300702B50;
					};
				};
			};
			buildConfigurationList = CDB5FCC22B8237E200702B50 /* Build configuration list for PBXProject "iFramework" */;
			compatibilityVersion = "Xcode 14.0";
			developmentRegion = en;
			hasScannedForEncodings = 0;
			knownRegions = (
				en,
				Base,
			);
			mainGroup = CDB5FCBE2B8237E200702B50;
			productRefGroup = CDB5FCC82B8237E300702B50 /* Products */;
			projectDirPath = "";
			projectRoot = "";
			targets = (
				CDB5FCC62B8237E300702B50 /* iFramework */,
				CDB5FCD62B8237E500702B50 /* iFrameworkTests */,
				CDB5FCE02B8237E500702B50 /* iFrameworkUITests */,
			);
		};
/* End PBXProject section */

/* Begin PBXResourcesBuildPhase section */
		CDB5FCC52B8237E300702B50 /* Resources */ = {
			isa = PBXResourcesBuildPhase;
			buildActionMask = 2147483647;
			files = (
				CDB5FCD22B8237E500702B50 /* Preview Assets.xcassets in Resources */,
				CDB5FCCF2B8237E500702B50 /* Assets.xcassets in Resources */,
			);
			runOnlyForDeploymentPostprocessing = 0;
		};
		CDB5FCD52B8237E500702B50 /* Resources */ = {
			isa = PBXResourcesBuildPhase;
			buildActionMask = 2147483647;
			files = (
			);
			runOnlyForDeploymentPostprocessing = 0;
		};
		CDB5FCDF2B8237E500702B50 /* Resources */ = {
			isa = PBXResourcesBuildPhase;
			buildActionMask = 2147483647;
			files = (
			);
			runOnlyForDeploymentPostprocessing = 0;
		};
/* End PBXResourcesBuildPhase section */

/* Begin PBXSourcesBuildPhase section */
		CDB5FCC32B8237E300702B50 /* Sources */ = {
			isa = PBXSourcesBuildPhase;
			buildActionMask = 2147483647;
			files = (
				CDB5FCCD2B8237E300702B50 /* ContentView.swift in Sources */,
				CDB5FCCB2B8237E300702B50 /* iFrameworkApp.swift in Sources */,
			);
			runOnlyForDeploymentPostprocessing = 0;
		};
		CDB5FCD32B8237E500702B50 /* Sources */ = {
			isa = PBXSourcesBuildPhase;
			buildActionMask = 2147483647;
			files = (
				CDB5FCDC2B8237E500702B50 /* iFrameworkTests.swift in Sources */,
			);
			runOnlyForDeploymentPostprocessing = 0;
		};
		CDB5FCDD2B8237E500702B50 /* Sources */ = {
			isa = PBXSourcesBuildPhase;
			buildActionMask = 2147483647;
			files = (
				CDB5FCE62B8237E500702B50 /* iFrameworkUITests.swift in Sources */,
				CDB5FCE82B8237E500702B50 /* iFrameworkUITestsLaunchTests.swift in Sources */,
			);
			runOnlyForDeploymentPostprocessing = 0;
		};
/* End PBXSourcesBuildPhase section */

/* Begin PBXTargetDependency section */
		CDB5FCD92B8237E500702B50 /* PBXTargetDependency */ = {
			isa = PBXTargetDependency;
			target = CDB5FCC62B8237E300702B50 /* iFramework */;
			targetProxy = CDB5FCD82B8237E500702B50 /* PBXContainerItemProxy */;
		};
		CDB5FCE32B8237E500702B50 /* PBXTargetDependency */ = {
			isa = PBXTargetDependency;
			target = CDB5FCC62B8237E300702B50 /* iFramework */;
			targetProxy = CDB5FCE22B8237E500702B50 /* PBXContainerItemProxy */;
		};
/* End PBXTargetDependency section */

/* Begin XCBuildConfiguration section */
		CDB5FCE92B8237E500702B50 /* Debug */ = {
			isa = XCBuildConfiguration;
			buildSettings = {
				ALWAYS_SEARCH_USER_PATHS = NO;
				ASSETCATALOG_COMPILER_GENERATE_SWIFT_ASSET_SYMBOL_EXTENSIONS = YES;
				CLANG_ANALYZER_NONNULL = YES;
				CLANG_ANALYZER_NUMBER_OBJECT_CONVERSION = YES_AGGRESSIVE;
				CLANG_CXX_LANGUAGE_STANDARD = "gnu++20";
				CLANG_ENABLE_MODULES = YES;
				CLANG_ENABLE_OBJC_ARC = YES;
				CLANG_ENABLE_OBJC_WEAK = YES;
				CLANG_WARN_BLOCK_CAPTURE_AUTORELEASING = YES;
				CLANG_WARN_BOOL_CONVERSION = YES;
				CLANG_WARN_COMMA = YES;
				CLANG_WARN_CONSTANT_CONVERSION = YES;
				CLANG_WARN_DEPRECATED_OBJC_IMPLEMENTATIONS = YES;
				CLANG_WARN_DIRECT_OBJC_ISA_USAGE = YES_ERROR;
				CLANG_WARN_DOCUMENTATION_COMMENTS = YES;
				CLANG_WARN_EMPTY_BODY = YES;
				CLANG_WARN_ENUM_CONVERSION = YES;
				CLANG_WARN_INFINITE_RECURSION = YES;
				CLANG_WARN_INT_CONVERSION = YES;
				CLANG_WARN_NON_LITERAL_NULL_CONVERSION = YES;
				CLANG_WARN_OBJC_IMPLICIT_RETAIN_SELF = YES;
				CLANG_WARN_OBJC_LITERAL_CONVERSION = YES;
				CLANG_WARN_OBJC_ROOT_CLASS = YES_ERROR;
				CLANG_WARN_QUOTED_INCLUDE_IN_FRAMEWORK_HEADER = YES;
				CLANG_WARN_RANGE_LOOP_ANALYSIS = YES;
				CLANG_WARN_STRICT_PROTOTYPES = YES;
				CLANG_WARN_SUSPICIOUS_MOVE = YES;
				CLANG_WARN_UNGUARDED_AVAILABILITY = YES_AGGRESSIVE;
				CLANG_WARN_UNREACHABLE_CODE = YES;
				CLANG_WARN__DUPLICATE_METHOD_MATCH = YES;
				COPY_PHASE_STRIP = NO;
				DEBUG_INFORMATION_FORMAT = dwarf;
				ENABLE_STRICT_OBJC_MSGSEND = YES;
				ENABLE_TESTABILITY = YES;
				ENABLE_USER_SCRIPT_SANDBOXING = YES;
				GCC_C_LANGUAGE_STANDARD = gnu17;
				GCC_DYNAMIC_NO_PIC = NO;
				GCC_NO_COMMON_BLOCKS = YES;
				GCC_OPTIMIZATION_LEVEL = 0;
				GCC_PREPROCESSOR_DEFINITIONS = (
					"DEBUG=1",
					"$(inherited)",
				);
				GCC_WARN_64_TO_32_BIT_CONVERSION = YES;
				GCC_WARN_ABOUT_RETURN_TYPE = YES_ERROR;
				GCC_WARN_UNDECLARED_SELECTOR = YES;
				GCC_WARN_UNINITIALIZED_AUTOS = YES_AGGRESSIVE;
				GCC_WARN_UNUSED_FUNCTION = YES;
				GCC_WARN_UNUSED_VARIABLE = YES;
				IPHONEOS_DEPLOYMENT_TARGET = 17.2;
				LOCALIZATION_PREFERS_STRING_CATALOGS = YES;
				MTL_ENABLE_DEBUG_INFO = INCLUDE_SOURCE;
				MTL_FAST_MATH = YES;
				ONLY_ACTIVE_ARCH = YES;
				SDKROOT = iphoneos;
				SWIFT_ACTIVE_COMPILATION_CONDITIONS = "DEBUG $(inherited)";
				SWIFT_OPTIMIZATION_LEVEL = "-Onone";
			};
			name = Debug;
		};
		CDB5FCEA2B8237E500702B50 /* Release */ = {
			isa = XCBuildConfiguration;
			buildSettings = {
				ALWAYS_SEARCH_USER_PATHS = NO;
				ASSETCATALOG_COMPILER_GENERATE_SWIFT_ASSET_SYMBOL_EXTENSIONS = YES;
				CLANG_ANALYZER_NONNULL = YES;
				CLANG_ANALYZER_NUMBER_OBJECT_CONVERSION = YES_AGGRESSIVE;
				CLANG_CXX_LANGUAGE_STANDARD = "gnu++20";
				CLANG_ENABLE_MODULES = YES;
				CLANG_ENABLE_OBJC_ARC = YES;
				CLANG_ENABLE_OBJC_WEAK = YES;
				CLANG_WARN_BLOCK_CAPTURE_AUTORELEASING = YES;
				CLANG_WARN_BOOL_CONVERSION = YES;
				CLANG_WARN_COMMA = YES;
				CLANG_WARN_CONSTANT_CONVERSION = YES;
				CLANG_WARN_DEPRECATED_OBJC_IMPLEMENTATIONS = YES;
				CLANG_WARN_DIRECT_OBJC_ISA_USAGE = YES_ERROR;
				CLANG_WARN_DOCUMENTATION_COMMENTS = YES;
				CLANG_WARN_EMPTY_BODY = YES;
				CLANG_WARN_ENUM_CONVERSION = YES;
				CLANG_WARN_INFINITE_RECURSION = YES;
				CLANG_WARN_INT_CONVERSION = YES;
				CLANG_WARN_NON_LITERAL_NULL_CONVERSION = YES;
				CLANG_WARN_OBJC_IMPLICIT_RETAIN_SELF = YES;
				CLANG_WARN_OBJC_LITERAL_CONVERSION = YES;
				CLANG_WARN_OBJC_ROOT_CLASS = YES_ERROR;
				CLANG_WARN_QUOTED_INCLUDE_IN_FRAMEWORK_HEADER = YES;
				CLANG_WARN_RANGE_LOOP_ANALYSIS = YES;
				CLANG_WARN_STRICT_PROTOTYPES = YES;
				CLANG_WARN_SUSPICIOUS_MOVE = YES;
				CLANG_WARN_UNGUARDED_AVAILABILITY = YES_AGGRESSIVE;
				CLANG_WARN_UNREACHABLE_CODE = YES;
				CLANG_WARN__DUPLICATE_METHOD_MATCH = YES;
				COPY_PHASE_STRIP = NO;
				DEBUG_INFORMATION_FORMAT = "dwarf-with-dsym";
				ENABLE_NS_ASSERTIONS = NO;
				ENABLE_STRICT_OBJC_MSGSEND = YES;
				ENABLE_USER_SCRIPT_SANDBOXING = YES;
				GCC_C_LANGUAGE_STANDARD = gnu17;
				GCC_NO_COMMON_BLOCKS = YES;
				GCC_WARN_64_TO_32_BIT_CONVERSION = YES;
				GCC_WARN_ABOUT_RETURN_TYPE = YES_ERROR;
				GCC_WARN_UNDECLARED_SELECTOR = YES;
				GCC_WARN_UNINITIALIZED_AUTOS = YES_AGGRESSIVE;
				GCC_WARN_UNUSED_FUNCTION = YES;
				GCC_WARN_UNUSED_VARIABLE = YES;
				IPHONEOS_DEPLOYMENT_TARGET = 17.2;
				LOCALIZATION_PREFERS_STRING_CATALOGS = YES;
				MTL_ENABLE_DEBUG_INFO = NO;
				MTL_FAST_MATH = YES;
				SDKROOT = iphoneos;
				SWIFT_COMPILATION_MODE = wholemodule;
				VALIDATE_PRODUCT = YES;
			};
			name = Release;
		};
		CDB5FCEC2B8237E500702B50 /* Debug */ = {
			isa = XCBuildConfiguration;
			buildSettings = {
				ASSETCATALOG_COMPILER_APPICON_NAME = AppIcon;
				ASSETCATALOG_COMPILER_GLOBAL_ACCENT_COLOR_NAME = AccentColor;
				CODE_SIGN_STYLE = Automatic;
				CURRENT_PROJECT_VERSION = 1;
				DEVELOPMENT_ASSET_PATHS = "\"iFramework/Preview Content\"";
				ENABLE_PREVIEWS = YES;
				GENERATE_INFOPLIST_FILE = YES;
				INFOPLIST_KEY_UIApplicationSceneManifest_Generation = YES;
				INFOPLIST_KEY_UIApplicationSupportsIndirectInputEvents = YES;
				INFOPLIST_KEY_UILaunchScreen_Generation = YES;
				INFOPLIST_KEY_UISupportedInterfaceOrientations_iPad = "UIInterfaceOrientationPortrait UIInterfaceOrientationPortraitUpsideDown UIInterfaceOrientationLandscapeLeft UIInterfaceOrientationLandscapeRight";
				INFOPLIST_KEY_UISupportedInterfaceOrientations_iPhone = "UIInterfaceOrientationPortrait UIInterfaceOrientationLandscapeLeft UIInterfaceOrientationLandscapeRight";
				LD_RUNPATH_SEARCH_PATHS = (
					"$(inherited)",
					"@executable_path/Frameworks",
				);
				MARKETING_VERSION = 1.0;
				PRODUCT_BUNDLE_IDENTIFIER = sanayUJ.iFramework;
				PRODUCT_NAME = "$(TARGET_NAME)";
				SWIFT_EMIT_LOC_STRINGS = YES;
				SWIFT_VERSION = 5.0;
				TARGETED_DEVICE_FAMILY = "1,2";
			};
			name = Debug;
		};
		CDB5FCED2B8237E500702B50 /* Release */ = {
			isa = XCBuildConfiguration;
			buildSettings = {
				ASSETCATALOG_COMPILER_APPICON_NAME = AppIcon;
				ASSETCATALOG_COMPILER_GLOBAL_ACCENT_COLOR_NAME = AccentColor;
				CODE_SIGN_STYLE = Automatic;
				CURRENT_PROJECT_VERSION = 1;
				DEVELOPMENT_ASSET_PATHS = "\"iFramework/Preview Content\"";
				ENABLE_PREVIEWS = YES;
				GENERATE_INFOPLIST_FILE = YES;
				INFOPLIST_KEY_UIApplicationSceneManifest_Generation = YES;
				INFOPLIST_KEY_UIApplicationSupportsIndirectInputEvents = YES;
				INFOPLIST_KEY_UILaunchScreen_Generation = YES;
				INFOPLIST_KEY_UISupportedInterfaceOrientations_iPad = "UIInterfaceOrientationPortrait UIInterfaceOrientationPortraitUpsideDown UIInterfaceOrientationLandscapeLeft UIInterfaceOrientationLandscapeRight";
				INFOPLIST_KEY_UISupportedInterfaceOrientations_iPhone = "UIInterfaceOrientationPortrait UIInterfaceOrientationLandscapeLeft UIInterfaceOrientationLandscapeRight";
				LD_RUNPATH_SEARCH_PATHS = (
					"$(inherited)",
					"@executable_path/Frameworks",
				);
				MARKETING_VERSION = 1.0;
				PRODUCT_BUNDLE_IDENTIFIER = sanayUJ.iFramework;
				PRODUCT_NAME = "$(TARGET_NAME)";
				SWIFT_EMIT_LOC_STRINGS = YES;
				SWIFT_VERSION = 5.0;
				TARGETED_DEVICE_FAMILY = "1,2";
			};
			name = Release;
		};
		CDB5FCEF2B8237E500702B50 /* Debug */ = {
			isa = XCBuildConfiguration;
			buildSettings = {
				ALWAYS_EMBED_SWIFT_STANDARD_LIBRARIES = YES;
				BUNDLE_LOADER = "$(TEST_HOST)";
				CODE_SIGN_STYLE = Automatic;
				CURRENT_PROJECT_VERSION = 1;
				GENERATE_INFOPLIST_FILE = YES;
				IPHONEOS_DEPLOYMENT_TARGET = 17.2;
				MARKETING_VERSION = 1.0;
				PRODUCT_BUNDLE_IDENTIFIER = sanayUJ.iFrameworkTests;
				PRODUCT_NAME = "$(TARGET_NAME)";
				SWIFT_EMIT_LOC_STRINGS = NO;
				SWIFT_VERSION = 5.0;
				TARGETED_DEVICE_FAMILY = "1,2";
				TEST_HOST = "$(BUILT_PRODUCTS_DIR)/iFramework.app/$(BUNDLE_EXECUTABLE_FOLDER_PATH)/iFramework";
			};
			name = Debug;
		};
		CDB5FCF02B8237E500702B50 /* Release */ = {
			isa = XCBuildConfiguration;
			buildSettings = {
				ALWAYS_EMBED_SWIFT_STANDARD_LIBRARIES = YES;
				BUNDLE_LOADER = "$(TEST_HOST)";
				CODE_SIGN_STYLE = Automatic;
				CURRENT_PROJECT_VERSION = 1;
				GENERATE_INFOPLIST_FILE = YES;
				IPHONEOS_DEPLOYMENT_TARGET = 17.2;
				MARKETING_VERSION = 1.0;
				PRODUCT_BUNDLE_IDENTIFIER = sanayUJ.iFrameworkTests;
				PRODUCT_NAME = "$(TARGET_NAME)";
				SWIFT_EMIT_LOC_STRINGS = NO;
				SWIFT_VERSION = 5.0;
				TARGETED_DEVICE_FAMILY = "1,2";
				TEST_HOST = "$(BUILT_PRODUCTS_DIR)/iFramework.app/$(BUNDLE_EXECUTABLE_FOLDER_PATH)/iFramework";
			};
			name = Release;
		};
		CDB5FCF22B8237E500702B50 /* Debug */ = {
			isa = XCBuildConfiguration;
			buildSettings = {
				ALWAYS_EMBED_SWIFT_STANDARD_LIBRARIES = YES;
				CODE_SIGN_STYLE = Automatic;
				CURRENT_PROJECT_VERSION = 1;
				GENERATE_INFOPLIST_FILE = YES;
				MARKETING_VERSION = 1.0;
				PRODUCT_BUNDLE_IDENTIFIER = sanayUJ.iFrameworkUITests;
				PRODUCT_NAME = "$(TARGET_NAME)";
				SWIFT_EMIT_LOC_STRINGS = NO;
				SWIFT_VERSION = 5.0;
				TARGETED_DEVICE_FAMILY = "1,2";
				TEST_TARGET_NAME = iFramework;
			};
			name = Debug;
		};
		CDB5FCF32B8237E500702B50 /* Release */ = {
			isa = XCBuildConfiguration;
			buildSettings = {
				ALWAYS_EMBED_SWIFT_STANDARD_LIBRARIES = YES;
				CODE_SIGN_STYLE = Automatic;
				CURRENT_PROJECT_VERSION = 1;
				GENERATE_INFOPLIST_FILE = YES;
				MARKETING_VERSION = 1.0;
				PRODUCT_BUNDLE_IDENTIFIER = sanayUJ.iFrameworkUITests;
				PRODUCT_NAME = "$(TARGET_NAME)";
				SWIFT_EMIT_LOC_STRINGS = NO;
				SWIFT_VERSION = 5.0;
				TARGETED_DEVICE_FAMILY = "1,2";
				TEST_TARGET_NAME = iFramework;
			};
			name = Release;
		};
/* End XCBuildConfiguration section */

/* Begin XCConfigurationList section */
		CDB5FCC22B8237E200702B50 /* Build configuration list for PBXProject "iFramework" */ = {
			isa = XCConfigurationList;
			buildConfigurations = (
				CDB5FCE92B8237E500702B50 /* Debug */,
				CDB5FCEA2B8237E500702B50 /* Release */,
			);
			defaultConfigurationIsVisible = 0;
			defaultConfigurationName = Release;
		};
		CDB5FCEB2B8237E500702B50 /* Build configuration list for PBXNativeTarget "iFramework" */ = {
			isa = XCConfigurationList;
			buildConfigurations = (
				CDB5FCEC2B8237E500702B50 /* Debug */,
				CDB5FCED2B8237E500702B50 /* Release */,
			);
			defaultConfigurationIsVisible = 0;
			defaultConfigurationName = Release;
		};
		CDB5FCEE2B8237E500702B50 /* Build configuration list for PBXNativeTarget "iFrameworkTests" */ = {
			isa = XCConfigurationList;
			buildConfigurations = (
				CDB5FCEF2B8237E500702B50 /* Debug */,
				CDB5FCF02B8237E500702B50 /* Release */,
			);
			defaultConfigurationIsVisible = 0;
			defaultConfigurationName = Release;
		};
		CDB5FCF12B8237E500702B50 /* Build configuration list for PBXNativeTarget "iFrameworkUITests" */ = {
			isa = XCConfigurationList;
			buildConfigurations = (
				CDB5FCF22B8237E500702B50 /* Debug */,
				CDB5FCF32B8237E500702B50 /* Release */,
			);
			defaultConfigurationIsVisible = 0;
			defaultConfigurationName = Release;
		};
/* End XCConfigurationList section */
	};
	rootObject = CDB5FCBF2B8237E200702B50 /* Project object */;
}
